
Microsoft Visual Studio Solution File, Format Version 12.00
# Visual Studio 15
VisualStudioVersion = 15.0.28307.271
MinimumVisualStudioVersion = 10.0.40219.1
Project("{FAE04EC0-301F-11D3-BF4B-00C04F79EFBC}") = "intdbp_zadaca3", "intdbp_zadaca3\intdbp_zadaca3.csproj", "{ABCCA442-22BE-406E-B936-4E0B9D0E0162}"
EndProject
Global
	GlobalSection(SolutionConfigurationPlatforms) = preSolution
		Debug|Any CPU = Debug|Any CPU
		Release|Any CPU = Release|Any CPU
	EndGlobalSection
	GlobalSection(ProjectConfigurationPlatforms) = postSolution
		{ABCCA442-22BE-406E-B936-4E0B9D0E0162}.Debug|Any CPU.ActiveCfg = Debug|Any CPU
		{ABCCA442-22BE-406E-B936-4E0B9D0E0162}.Debug|Any CPU.Build.0 = Debug|Any CPU
		{ABCCA442-22BE-406E-B936-4E0B9D0E0162}.Release|Any CPU.ActiveCfg = Release|Any CPU
		{ABCCA442-22BE-406E-B936-4E0B9D0E0162}.Release|Any CPU.Build.0 = Release|Any CPU
	EndGlobalSection
	GlobalSection(SolutionProperties) = preSolution
		HideSolutionNode = FALSE
	EndGlobalSection
	GlobalSection(ExtensibilityGlobals) = postSolution
		SolutionGuid = {3BCEDA6F-E340-4E14-8349-63C7E3A33090}
	EndGlobalSection
EndGlobal
